{
  "version": "0.4.0",
  "hashes": {
    "macosx_15_0": {
      "aarch64": "sha256-p/UOpEAruG0FZjfrGNq9jLWdGeTng4SKUp2OD/xtADk=",
      "x86_64": "sha256-a3xdklQQm5K8sM7A4q/Z8NvTc2LzmvY/37D58VjGlQE="
    },
    "manylinux_2_28": {
      "aarch64": "sha256-BUOI/FEZ3p6XDOqKOVKWDDm5qMD5Cs2ghWxd5wXk8Nc=",
      "x86_64": "sha256-q5dXP1Fiq3tcHhE3lYQO9CYFoZzAPXCI5BWrT4HKrNo="
    }
  }
}
